
Microsoft Visual Studio Solution File, Format Version 12.00
# Visual Studio Version 17
VisualStudioVersion = 17.6.33712.159
MinimumVisualStudioVersion = 10.0.40219.1
Project("{9A19103F-16F7-4668-BE54-9A1E7A4F7556}") = "System_informatyczny_sklepu_sportowego_UX", "System_informatyczny_sklepu_sportowego\System_informatyczny_sklepu_sportowego_UX.csproj", "{44F98CB2-39C6-493C-8DD8-92F2C789E15D}"
EndProject
Global
	GlobalSection(SolutionConfigurationPlatforms) = preSolution
		Debug|Any CPU = Debug|Any CPU
		Release|Any CPU = Release|Any CPU
	EndGlobalSection
	GlobalSection(ProjectConfigurationPlatforms) = postSolution
		{44F98CB2-39C6-493C-8DD8-92F2C789E15D}.Debug|Any CPU.ActiveCfg = Debug|Any CPU
		{44F98CB2-39C6-493C-8DD8-92F2C789E15D}.Debug|Any CPU.Build.0 = Debug|Any CPU
		{44F98CB2-39C6-493C-8DD8-92F2C789E15D}.Release|Any CPU.ActiveCfg = Release|Any CPU
		{44F98CB2-39C6-493C-8DD8-92F2C789E15D}.Release|Any CPU.Build.0 = Release|Any CPU
	EndGlobalSection
	GlobalSection(SolutionProperties) = preSolution
		HideSolutionNode = FALSE
	EndGlobalSection
	GlobalSection(ExtensibilityGlobals) = postSolution
		SolutionGuid = {2AFB1689-3804-4AFA-9115-7539E0F00DE9}
	EndGlobalSection
EndGlobal
